
Microsoft Visual Studio Solution File, Format Version 12.00
# Visual Studio Version 16
VisualStudioVersion = 16.0.30503.244
MinimumVisualStudioVersion = 10.0.40219.1
Project("{8BC9CEB8-8B4A-11D0-8D11-00A0C91BC942}") = "aoc2020_01", "aoc2020_01\aoc2020_01.vcxproj", "{6194F37E-78D7-48B2-8AC7-CAC87427B872}"
EndProject
Project("{8BC9CEB8-8B4A-11D0-8D11-00A0C91BC942}") = "aoc2020_02", "aoc2020_02\aoc2020_02.vcxproj", "{4DD80A81-EA79-42B2-9CCA-E7F112BAF0EE}"
EndProject
Project("{8BC9CEB8-8B4A-11D0-8D11-00A0C91BC942}") = "aoc2020_03", "aoc2020_03\aoc2020_03.vcxproj", "{D5019DE2-A386-4ACB-ACA6-9517AC91CBEF}"
EndProject
Project("{8BC9CEB8-8B4A-11D0-8D11-00A0C91BC942}") = "aoc2020_04", "aoc2020_04\aoc2020_04.vcxproj", "{A1335C88-CAE8-4D36-9CAC-9147F985AD4F}"
EndProject
Project("{8BC9CEB8-8B4A-11D0-8D11-00A0C91BC942}") = "aoc2020_05", "aoc2020_05\aoc2020_05.vcxproj", "{D1115173-5446-4513-9B41-B3EDE1CC25E9}"
EndProject
Project("{8BC9CEB8-8B4A-11D0-8D11-00A0C91BC942}") = "aoc2020_06", "aoc2020_06\aoc2020_06.vcxproj", "{B59988A2-C2A6-4272-BA18-A77672446F54}"
EndProject
Global
	GlobalSection(SolutionConfigurationPlatforms) = preSolution
		Debug|x64 = Debug|x64
		Debug|x86 = Debug|x86
		Release|x64 = Release|x64
		Release|x86 = Release|x86
	EndGlobalSection
	GlobalSection(ProjectConfigurationPlatforms) = postSolution
		{6194F37E-78D7-48B2-8AC7-CAC87427B872}.Debug|x64.ActiveCfg = Debug|x64
		{6194F37E-78D7-48B2-8AC7-CAC87427B872}.Debug|x64.Build.0 = Debug|x64
		{6194F37E-78D7-48B2-8AC7-CAC87427B872}.Debug|x86.ActiveCfg = Debug|Win32
		{6194F37E-78D7-48B2-8AC7-CAC87427B872}.Debug|x86.Build.0 = Debug|Win32
		{6194F37E-78D7-48B2-8AC7-CAC87427B872}.Release|x64.ActiveCfg = Release|x64
		{6194F37E-78D7-48B2-8AC7-CAC87427B872}.Release|x64.Build.0 = Release|x64
		{6194F37E-78D7-48B2-8AC7-CAC87427B872}.Release|x86.ActiveCfg = Release|Win32
		{6194F37E-78D7-48B2-8AC7-CAC87427B872}.Release|x86.Build.0 = Release|Win32
		{4DD80A81-EA79-42B2-9CCA-E7F112BAF0EE}.Debug|x64.ActiveCfg = Debug|x64
		{4DD80A81-EA79-42B2-9CCA-E7F112BAF0EE}.Debug|x64.Build.0 = Debug|x64
		{4DD80A81-EA79-42B2-9CCA-E7F112BAF0EE}.Debug|x86.ActiveCfg = Debug|Win32
		{4DD80A81-EA79-42B2-9CCA-E7F112BAF0EE}.Debug|x86.Build.0 = Debug|Win32
		{4DD80A81-EA79-42B2-9CCA-E7F112BAF0EE}.Release|x64.ActiveCfg = Release|x64
		{4DD80A81-EA79-42B2-9CCA-E7F112BAF0EE}.Release|x64.Build.0 = Release|x64
		{4DD80A81-EA79-42B2-9CCA-E7F112BAF0EE}.Release|x86.ActiveCfg = Release|Win32
		{4DD80A81-EA79-42B2-9CCA-E7F112BAF0EE}.Release|x86.Build.0 = Release|Win32
		{D5019DE2-A386-4ACB-ACA6-9517AC91CBEF}.Debug|x64.ActiveCfg = Debug|x64
		{D5019DE2-A386-4ACB-ACA6-9517AC91CBEF}.Debug|x64.Build.0 = Debug|x64
		{D5019DE2-A386-4ACB-ACA6-9517AC91CBEF}.Debug|x86.ActiveCfg = Debug|Win32
		{D5019DE2-A386-4ACB-ACA6-9517AC91CBEF}.Debug|x86.Build.0 = Debug|Win32
		{D5019DE2-A386-4ACB-ACA6-9517AC91CBEF}.Release|x64.ActiveCfg = Release|x64
		{D5019DE2-A386-4ACB-ACA6-9517AC91CBEF}.Release|x64.Build.0 = Release|x64
		{D5019DE2-A386-4ACB-ACA6-9517AC91CBEF}.Release|x86.ActiveCfg = Release|Win32
		{D5019DE2-A386-4ACB-ACA6-9517AC91CBEF}.Release|x86.Build.0 = Release|Win32
		{A1335C88-CAE8-4D36-9CAC-9147F985AD4F}.Debug|x64.ActiveCfg = Debug|x64
		{A1335C88-CAE8-4D36-9CAC-9147F985AD4F}.Debug|x64.Build.0 = Debug|x64
		{A1335C88-CAE8-4D36-9CAC-9147F985AD4F}.Debug|x86.ActiveCfg = Debug|Win32
		{A1335C88-CAE8-4D36-9CAC-9147F985AD4F}.Debug|x86.Build.0 = Debug|Win32
		{A1335C88-CAE8-4D36-9CAC-9147F985AD4F}.Release|x64.ActiveCfg = Release|x64
		{A1335C88-CAE8-4D36-9CAC-9147F985AD4F}.Release|x64.Build.0 = Release|x64
		{A1335C88-CAE8-4D36-9CAC-9147F985AD4F}.Release|x86.ActiveCfg = Release|Win32
		{A1335C88-CAE8-4D36-9CAC-9147F985AD4F}.Release|x86.Build.0 = Release|Win32
		{D1115173-5446-4513-9B41-B3EDE1CC25E9}.Debug|x64.ActiveCfg = Debug|x64
		{D1115173-5446-4513-9B41-B3EDE1CC25E9}.Debug|x64.Build.0 = Debug|x64
		{D1115173-5446-4513-9B41-B3EDE1CC25E9}.Debug|x86.ActiveCfg = Debug|Win32
		{D1115173-5446-4513-9B41-B3EDE1CC25E9}.Debug|x86.Build.0 = Debug|Win32
		{D1115173-5446-4513-9B41-B3EDE1CC25E9}.Release|x64.ActiveCfg = Release|x64
		{D1115173-5446-4513-9B41-B3EDE1CC25E9}.Release|x64.Build.0 = Release|x64
		{D1115173-5446-4513-9B41-B3EDE1CC25E9}.Release|x86.ActiveCfg = Release|Win32
		{D1115173-5446-4513-9B41-B3EDE1CC25E9}.Release|x86.Build.0 = Release|Win32
		{B59988A2-C2A6-4272-BA18-A77672446F54}.Debug|x64.ActiveCfg = Debug|x64
		{B59988A2-C2A6-4272-BA18-A77672446F54}.Debug|x64.Build.0 = Debug|x64
		{B59988A2-C2A6-4272-BA18-A77672446F54}.Debug|x86.ActiveCfg = Debug|Win32
		{B59988A2-C2A6-4272-BA18-A77672446F54}.Debug|x86.Build.0 = Debug|Win32
		{B59988A2-C2A6-4272-BA18-A77672446F54}.Release|x64.ActiveCfg = Release|x64
		{B59988A2-C2A6-4272-BA18-A77672446F54}.Release|x64.Build.0 = Release|x64
		{B59988A2-C2A6-4272-BA18-A77672446F54}.Release|x86.ActiveCfg = Release|Win32
		{B59988A2-C2A6-4272-BA18-A77672446F54}.Release|x86.Build.0 = Release|Win32
	EndGlobalSection
	GlobalSection(SolutionProperties) = preSolution
		HideSolutionNode = FALSE
	EndGlobalSection
	GlobalSection(ExtensibilityGlobals) = postSolution
		SolutionGuid = {2FE4EEDE-6095-4B76-9D1E-0711107CF5EE}
	EndGlobalSection
EndGlobal
